
Microsoft Visual Studio Solution File, Format Version 12.00
# Visual Studio Version 16
VisualStudioVersion = 16.0.31019.35
MinimumVisualStudioVersion = 10.0.40219.1
Project("{FAE04EC0-301F-11D3-BF4B-00C04F79EFBC}") = "01_Thread", "01_Thread\01_Thread.csproj", "{21B605D6-A7EB-496A-ADAA-7022E6F80CB2}"
EndProject
Project("{FAE04EC0-301F-11D3-BF4B-00C04F79EFBC}") = "02_MultiThread", "02_MultiThread\02_MultiThread.csproj", "{C44A882F-215F-496D-BA53-1F444B0B4D50}"
EndProject
Project("{FAE04EC0-301F-11D3-BF4B-00C04F79EFBC}") = "03_ThreadBackground", "03_ThreadBackground\03_ThreadBackground.csproj", "{185F7275-13EE-4D5C-9EA6-1C266791774C}"
EndProject
Project("{FAE04EC0-301F-11D3-BF4B-00C04F79EFBC}") = "05_ThreadSafe", "05_ThreadSafe\05_ThreadSafe.csproj", "{7B983DD3-A970-42CA-B5D0-D6678BA3874C}"
EndProject
Project("{FAE04EC0-301F-11D3-BF4B-00C04F79EFBC}") = "06_ThreadId", "06_ThreadId\06_ThreadId.csproj", "{88F4B596-249C-4DFB-B828-525A64BFCC2C}"
EndProject
Project("{FAE04EC0-301F-11D3-BF4B-00C04F79EFBC}") = "07_ThreadsMetodos", "07_ThreadsMetodos\07_ThreadsMetodos.csproj", "{46CEFF47-71B4-40BE-853A-E92947DD99B5}"
EndProject
Project("{FAE04EC0-301F-11D3-BF4B-00C04F79EFBC}") = "08_AutoManual", "08_AutoManual\08_AutoManual.csproj", "{AD92A79F-F63B-4787-A451-5806641FD1E2}"
EndProject
Global
	GlobalSection(SolutionConfigurationPlatforms) = preSolution
		Debug|Any CPU = Debug|Any CPU
		Release|Any CPU = Release|Any CPU
	EndGlobalSection
	GlobalSection(ProjectConfigurationPlatforms) = postSolution
		{21B605D6-A7EB-496A-ADAA-7022E6F80CB2}.Debug|Any CPU.ActiveCfg = Debug|Any CPU
		{21B605D6-A7EB-496A-ADAA-7022E6F80CB2}.Debug|Any CPU.Build.0 = Debug|Any CPU
		{21B605D6-A7EB-496A-ADAA-7022E6F80CB2}.Release|Any CPU.ActiveCfg = Release|Any CPU
		{21B605D6-A7EB-496A-ADAA-7022E6F80CB2}.Release|Any CPU.Build.0 = Release|Any CPU
		{C44A882F-215F-496D-BA53-1F444B0B4D50}.Debug|Any CPU.ActiveCfg = Debug|Any CPU
		{C44A882F-215F-496D-BA53-1F444B0B4D50}.Debug|Any CPU.Build.0 = Debug|Any CPU
		{C44A882F-215F-496D-BA53-1F444B0B4D50}.Release|Any CPU.ActiveCfg = Release|Any CPU
		{C44A882F-215F-496D-BA53-1F444B0B4D50}.Release|Any CPU.Build.0 = Release|Any CPU
		{185F7275-13EE-4D5C-9EA6-1C266791774C}.Debug|Any CPU.ActiveCfg = Debug|Any CPU
		{185F7275-13EE-4D5C-9EA6-1C266791774C}.Debug|Any CPU.Build.0 = Debug|Any CPU
		{185F7275-13EE-4D5C-9EA6-1C266791774C}.Release|Any CPU.ActiveCfg = Release|Any CPU
		{185F7275-13EE-4D5C-9EA6-1C266791774C}.Release|Any CPU.Build.0 = Release|Any CPU
		{7B983DD3-A970-42CA-B5D0-D6678BA3874C}.Debug|Any CPU.ActiveCfg = Debug|Any CPU
		{7B983DD3-A970-42CA-B5D0-D6678BA3874C}.Debug|Any CPU.Build.0 = Debug|Any CPU
		{7B983DD3-A970-42CA-B5D0-D6678BA3874C}.Release|Any CPU.ActiveCfg = Release|Any CPU
		{7B983DD3-A970-42CA-B5D0-D6678BA3874C}.Release|Any CPU.Build.0 = Release|Any CPU
		{88F4B596-249C-4DFB-B828-525A64BFCC2C}.Debug|Any CPU.ActiveCfg = Debug|Any CPU
		{88F4B596-249C-4DFB-B828-525A64BFCC2C}.Debug|Any CPU.Build.0 = Debug|Any CPU
		{88F4B596-249C-4DFB-B828-525A64BFCC2C}.Release|Any CPU.ActiveCfg = Release|Any CPU
		{88F4B596-249C-4DFB-B828-525A64BFCC2C}.Release|Any CPU.Build.0 = Release|Any CPU
		{46CEFF47-71B4-40BE-853A-E92947DD99B5}.Debug|Any CPU.ActiveCfg = Debug|Any CPU
		{46CEFF47-71B4-40BE-853A-E92947DD99B5}.Debug|Any CPU.Build.0 = Debug|Any CPU
		{46CEFF47-71B4-40BE-853A-E92947DD99B5}.Release|Any CPU.ActiveCfg = Release|Any CPU
		{46CEFF47-71B4-40BE-853A-E92947DD99B5}.Release|Any CPU.Build.0 = Release|Any CPU
		{AD92A79F-F63B-4787-A451-5806641FD1E2}.Debug|Any CPU.ActiveCfg = Debug|Any CPU
		{AD92A79F-F63B-4787-A451-5806641FD1E2}.Debug|Any CPU.Build.0 = Debug|Any CPU
		{AD92A79F-F63B-4787-A451-5806641FD1E2}.Release|Any CPU.ActiveCfg = Release|Any CPU
		{AD92A79F-F63B-4787-A451-5806641FD1E2}.Release|Any CPU.Build.0 = Release|Any CPU
	EndGlobalSection
	GlobalSection(SolutionProperties) = preSolution
		HideSolutionNode = FALSE
	EndGlobalSection
	GlobalSection(ExtensibilityGlobals) = postSolution
		SolutionGuid = {912EF9E3-0480-45C9-BB5A-2D408CB65EE5}
	EndGlobalSection
EndGlobal
