
Microsoft Visual Studio Solution File, Format Version 12.00
# Visual Studio Version 16
VisualStudioVersion = 16.0.31019.35
MinimumVisualStudioVersion = 10.0.40219.1
Project("{FAE04EC0-301F-11D3-BF4B-00C04F79EFBC}") = "01_Task", "01_Task\01_Task.csproj", "{38D14879-C518-4F3E-B2A2-3349B28FF791}"
EndProject
Project("{FAE04EC0-301F-11D3-BF4B-00C04F79EFBC}") = "02_TaskExecute", "02_TaskExecute\02_TaskExecute.csproj", "{C12196CB-93BE-49AA-9988-6D807A92BB8A}"
EndProject
Global
	GlobalSection(SolutionConfigurationPlatforms) = preSolution
		Debug|Any CPU = Debug|Any CPU
		Release|Any CPU = Release|Any CPU
	EndGlobalSection
	GlobalSection(ProjectConfigurationPlatforms) = postSolution
		{38D14879-C518-4F3E-B2A2-3349B28FF791}.Debug|Any CPU.ActiveCfg = Debug|Any CPU
		{38D14879-C518-4F3E-B2A2-3349B28FF791}.Debug|Any CPU.Build.0 = Debug|Any CPU
		{38D14879-C518-4F3E-B2A2-3349B28FF791}.Release|Any CPU.ActiveCfg = Release|Any CPU
		{38D14879-C518-4F3E-B2A2-3349B28FF791}.Release|Any CPU.Build.0 = Release|Any CPU
		{C12196CB-93BE-49AA-9988-6D807A92BB8A}.Debug|Any CPU.ActiveCfg = Debug|Any CPU
		{C12196CB-93BE-49AA-9988-6D807A92BB8A}.Debug|Any CPU.Build.0 = Debug|Any CPU
		{C12196CB-93BE-49AA-9988-6D807A92BB8A}.Release|Any CPU.ActiveCfg = Release|Any CPU
		{C12196CB-93BE-49AA-9988-6D807A92BB8A}.Release|Any CPU.Build.0 = Release|Any CPU
	EndGlobalSection
	GlobalSection(SolutionProperties) = preSolution
		HideSolutionNode = FALSE
	EndGlobalSection
	GlobalSection(ExtensibilityGlobals) = postSolution
		SolutionGuid = {DDD90E52-165C-4981-BC79-59DB32F55394}
	EndGlobalSection
EndGlobal
